
Microsoft Visual Studio Solution File, Format Version 12.00
# Visual Studio Version 16
VisualStudioVersion = 16.0.30011.22
MinimumVisualStudioVersion = 10.0.40219.1
Project("{FAE04EC0-301F-11D3-BF4B-00C04F79EFBC}") = "ConsoleBl", "ch01\BL\ConsoleBl\ConsoleBl.csproj", "{9CDE9691-5165-49FB-B8CA-4FAEC93DC3A8}"
EndProject
Global
	GlobalSection(SolutionConfigurationPlatforms) = preSolution
		Debug|Any CPU = Debug|Any CPU
		Release|Any CPU = Release|Any CPU
	EndGlobalSection
	GlobalSection(ProjectConfigurationPlatforms) = postSolution
		{9CDE9691-5165-49FB-B8CA-4FAEC93DC3A8}.Debug|Any CPU.ActiveCfg = Debug|Any CPU
		{9CDE9691-5165-49FB-B8CA-4FAEC93DC3A8}.Debug|Any CPU.Build.0 = Debug|Any CPU
		{9CDE9691-5165-49FB-B8CA-4FAEC93DC3A8}.Release|Any CPU.ActiveCfg = Release|Any CPU
		{9CDE9691-5165-49FB-B8CA-4FAEC93DC3A8}.Release|Any CPU.Build.0 = Release|Any CPU
	EndGlobalSection
	GlobalSection(SolutionProperties) = preSolution
		HideSolutionNode = FALSE
	EndGlobalSection
	GlobalSection(ExtensibilityGlobals) = postSolution
		SolutionGuid = {37749A13-8668-4117-AC6A-DF27AC49DA93}
	EndGlobalSection
EndGlobal
