
Microsoft Visual Studio Solution File, Format Version 12.00
# Visual Studio Version 16
VisualStudioVersion = 16.0.30011.22
MinimumVisualStudioVersion = 10.0.40219.1
Project("{FAE04EC0-301F-11D3-BF4B-00C04F79EFBC}") = "HelloWrold", "HelloWrold\HelloWrold.csproj", "{81DF6924-1C88-4E3D-98A8-A0F0C3F258EA}"
EndProject
Global
	GlobalSection(SolutionConfigurationPlatforms) = preSolution
		Debug|Any CPU = Debug|Any CPU
		Release|Any CPU = Release|Any CPU
	EndGlobalSection
	GlobalSection(ProjectConfigurationPlatforms) = postSolution
		{81DF6924-1C88-4E3D-98A8-A0F0C3F258EA}.Debug|Any CPU.ActiveCfg = Debug|Any CPU
		{81DF6924-1C88-4E3D-98A8-A0F0C3F258EA}.Debug|Any CPU.Build.0 = Debug|Any CPU
		{81DF6924-1C88-4E3D-98A8-A0F0C3F258EA}.Release|Any CPU.ActiveCfg = Release|Any CPU
		{81DF6924-1C88-4E3D-98A8-A0F0C3F258EA}.Release|Any CPU.Build.0 = Release|Any CPU
	EndGlobalSection
	GlobalSection(SolutionProperties) = preSolution
		HideSolutionNode = FALSE
	EndGlobalSection
	GlobalSection(ExtensibilityGlobals) = postSolution
		SolutionGuid = {E3553E9B-E0A3-44C4-9F21-F3E84E29E148}
	EndGlobalSection
EndGlobal
